
Microsoft Visual Studio Solution File, Format Version 12.00
# Visual Studio 15
VisualStudioVersion = 15.0.28010.2048
MinimumVisualStudioVersion = 10.0.40219.1
Project("{2150E333-8FDC-42A3-9474-1A3956D46DE8}") = "1-Presentation", "1-Presentation", "{D5D88FC2-BA4D-4F4F-BD63-D326A2C1EBA5}"
EndProject
Project("{9A19103F-16F7-4668-BE54-9A1E7A4F7556}") = "Portal.Web.Presentation", "Portal.Web.Presentation\Portal.Web.Presentation.csproj", "{B7E35609-F3B6-48B8-8BF3-E85F694F177A}"
EndProject
Project("{2150E333-8FDC-42A3-9474-1A3956D46DE8}") = "2-Core", "2-Core", "{C3323906-770C-48F7-AEE8-CC6D661B372D}"
EndProject
Project("{9A19103F-16F7-4668-BE54-9A1E7A4F7556}") = "Portal.Core", "Portal.core\Portal.Core.csproj", "{74348866-5C5D-4C96-BE9E-EB28C06014DD}"
EndProject
Project("{2150E333-8FDC-42A3-9474-1A3956D46DE8}") = "3-Infrastructure", "3-Infrastructure", "{1C570D58-9694-4317-80DD-26D71BC56395}"
EndProject
Project("{9A19103F-16F7-4668-BE54-9A1E7A4F7556}") = "Portal.Infrastructure", "Portal.Infrastructure\Portal.Infrastructure.csproj", "{431AFF48-C02B-4F10-8FAA-F85215DA2979}"
EndProject
Project("{FAE04EC0-301F-11D3-BF4B-00C04F79EFBC}") = "Presentation.Web.Framework", "Presentation.Web.Framework\Presentation.Web.Framework.csproj", "{95113BDC-468D-4DDB-BD08-94356BBABE95}"
EndProject
Project("{2150E333-8FDC-42A3-9474-1A3956D46DE8}") = "Service", "Service", "{B0C0262A-D4E4-4E52-A2C6-B5B9B17BECB1}"
EndProject
Project("{FAE04EC0-301F-11D3-BF4B-00C04F79EFBC}") = "Portal.Service", "Portal.Service\Portal.Service.csproj", "{840761BE-6A9D-4C53-BBD5-A17CBB7AF204}"
EndProject
Global
	GlobalSection(SolutionConfigurationPlatforms) = preSolution
		Debug|Any CPU = Debug|Any CPU
		Release|Any CPU = Release|Any CPU
	EndGlobalSection
	GlobalSection(ProjectConfigurationPlatforms) = postSolution
		{B7E35609-F3B6-48B8-8BF3-E85F694F177A}.Debug|Any CPU.ActiveCfg = Debug|Any CPU
		{B7E35609-F3B6-48B8-8BF3-E85F694F177A}.Debug|Any CPU.Build.0 = Debug|Any CPU
		{B7E35609-F3B6-48B8-8BF3-E85F694F177A}.Release|Any CPU.ActiveCfg = Release|Any CPU
		{B7E35609-F3B6-48B8-8BF3-E85F694F177A}.Release|Any CPU.Build.0 = Release|Any CPU
		{74348866-5C5D-4C96-BE9E-EB28C06014DD}.Debug|Any CPU.ActiveCfg = Debug|Any CPU
		{74348866-5C5D-4C96-BE9E-EB28C06014DD}.Debug|Any CPU.Build.0 = Debug|Any CPU
		{74348866-5C5D-4C96-BE9E-EB28C06014DD}.Release|Any CPU.ActiveCfg = Release|Any CPU
		{74348866-5C5D-4C96-BE9E-EB28C06014DD}.Release|Any CPU.Build.0 = Release|Any CPU
		{431AFF48-C02B-4F10-8FAA-F85215DA2979}.Debug|Any CPU.ActiveCfg = Debug|Any CPU
		{431AFF48-C02B-4F10-8FAA-F85215DA2979}.Debug|Any CPU.Build.0 = Debug|Any CPU
		{431AFF48-C02B-4F10-8FAA-F85215DA2979}.Release|Any CPU.ActiveCfg = Release|Any CPU
		{431AFF48-C02B-4F10-8FAA-F85215DA2979}.Release|Any CPU.Build.0 = Release|Any CPU
		{95113BDC-468D-4DDB-BD08-94356BBABE95}.Debug|Any CPU.ActiveCfg = Debug|Any CPU
		{95113BDC-468D-4DDB-BD08-94356BBABE95}.Debug|Any CPU.Build.0 = Debug|Any CPU
		{95113BDC-468D-4DDB-BD08-94356BBABE95}.Release|Any CPU.ActiveCfg = Release|Any CPU
		{95113BDC-468D-4DDB-BD08-94356BBABE95}.Release|Any CPU.Build.0 = Release|Any CPU
		{840761BE-6A9D-4C53-BBD5-A17CBB7AF204}.Debug|Any CPU.ActiveCfg = Debug|Any CPU
		{840761BE-6A9D-4C53-BBD5-A17CBB7AF204}.Debug|Any CPU.Build.0 = Debug|Any CPU
		{840761BE-6A9D-4C53-BBD5-A17CBB7AF204}.Release|Any CPU.ActiveCfg = Release|Any CPU
		{840761BE-6A9D-4C53-BBD5-A17CBB7AF204}.Release|Any CPU.Build.0 = Release|Any CPU
	EndGlobalSection
	GlobalSection(SolutionProperties) = preSolution
		HideSolutionNode = FALSE
	EndGlobalSection
	GlobalSection(NestedProjects) = preSolution
		{B7E35609-F3B6-48B8-8BF3-E85F694F177A} = {D5D88FC2-BA4D-4F4F-BD63-D326A2C1EBA5}
		{74348866-5C5D-4C96-BE9E-EB28C06014DD} = {C3323906-770C-48F7-AEE8-CC6D661B372D}
		{431AFF48-C02B-4F10-8FAA-F85215DA2979} = {1C570D58-9694-4317-80DD-26D71BC56395}
		{95113BDC-468D-4DDB-BD08-94356BBABE95} = {D5D88FC2-BA4D-4F4F-BD63-D326A2C1EBA5}
		{840761BE-6A9D-4C53-BBD5-A17CBB7AF204} = {B0C0262A-D4E4-4E52-A2C6-B5B9B17BECB1}
	EndGlobalSection
	GlobalSection(ExtensibilityGlobals) = postSolution
		SolutionGuid = {4B807E25-F2B0-40A3-980A-00D4687697B9}
	EndGlobalSection
EndGlobal
